// !$*UTF8*$!
{
	archiveVersion = 1;
	classes = {
	};
	objectVersion = 46;
	objects = {

/* Begin PBXBuildFile section */
		8B67AA891ED9780800D5E2C3 /* main.m in Sources */ = {isa = PBXBuildFile; fileRef = 8B67AA881ED9780800D5E2C3 /* main.m */; };
		8B67AA8C1ED9780800D5E2C3 /* AppDelegate.m in Sources */ = {isa = PBXBuildFile; fileRef = 8B67AA8B1ED9780800D5E2C3 /* AppDelegate.m */; };
		8B67AA8F1ED9780800D5E2C3 /* ViewController.m in Sources */ = {isa = PBXBuildFile; fileRef = 8B67AA8E1ED9780800D5E2C3 /* ViewController.m */; };
		8B67AA921ED9780800D5E2C3 /* Main.storyboard in Resources */ = {isa = PBXBuildFile; fileRef = 8B67AA901ED9780800D5E2C3 /* Main.storyboard */; };
		8B67AA941ED9780800D5E2C3 /* Assets.xcassets in Resources */ = {isa = PBXBuildFile; fileRef = 8B67AA931ED9780800D5E2C3 /* Assets.xcassets */; };
		8B67AA971ED9780800D5E2C3 /* LaunchScreen.storyboard in Resources */ = {isa = PBXBuildFile; fileRef = 8B67AA951ED9780800D5E2C3 /* LaunchScreen.storyboard */; };
		8B67AAA21ED9780800D5E2C3 /* _______RJ____KVO_Tests.m in Sources */ = {isa = PBXBuildFile; fileRef = 8B67AAA11ED9780800D5E2C3 /* _______RJ____KVO_Tests.m */; };
		8B67AAAD1ED9780800D5E2C3 /* _______RJ____KVO_UITests.m in Sources */ = {isa = PBXBuildFile; fileRef = 8B67AAAC1ED9780800D5E2C3 /* _______RJ____KVO_UITests.m */; };
/* End PBXBuildFile section */

/* Begin PBXContainerItemProxy section */
		8B67AA9E1ED9780800D5E2C3 /* PBXContainerItemProxy */ = {
			isa = PBXContainerItemProxy;
			containerPortal = 8B67AA7C1ED9780800D5E2C3 /* Project object */;
			proxyType = 1;
			remoteGlobalIDString = 8B67AA831ED9780800D5E2C3;
			remoteInfo = "响应式编程思想RJ(自定义KVO)";
		};
		8B67AAA91ED9780800D5E2C3 /* PBXContainerItemProxy */ = {
			isa = PBXContainerItemProxy;
			containerPortal = 8B67AA7C1ED9780800D5E2C3 /* Project object */;
			proxyType = 1;
			remoteGlobalIDString = 8B67AA831ED9780800D5E2C3;
			remoteInfo = "响应式编程思想RJ(自定义KVO)";
		};
/* End PBXContainerItemProxy section */

/* Begin PBXFileReference section */
		8B67AA841ED9780800D5E2C3 /* 响应式编程思想RJ(自定义KVO).app */ = {isa = PBXFileReference; explicitFileType = wrapper.application; includeInIndex = 0; path = "响应式编程思想RJ(自定义KVO).app"; sourceTree = BUILT_PRODUCTS_DIR; };
		8B67AA881ED9780800D5E2C3 /* main.m */ = {isa = PBXFileReference; lastKnownFileType = sourcecode.c.objc; path = main.m; sourceTree = "<group>"; };
		8B67AA8A1ED9780800D5E2C3 /* AppDelegate.h */ = {isa = PBXFileReference; lastKnownFileType = sourcecode.c.h; path = AppDelegate.h; sourceTree = "<group>"; };
		8B67AA8B1ED9780800D5E2C3 /* AppDelegate.m */ = {isa = PBXFileReference; lastKnownFileType = sourcecode.c.objc; path = AppDelegate.m; sourceTree = "<group>"; };
		8B67AA8D1ED9780800D5E2C3 /* ViewController.h */ = {isa = PBXFileReference; lastKnownFileType = sourcecode.c.h; path = ViewController.h; sourceTree = "<group>"; };
		8B67AA8E1ED9780800D5E2C3 /* ViewController.m */ = {isa = PBXFileReference; lastKnownFileType = sourcecode.c.objc; path = ViewController.m; sourceTree = "<group>"; };
		8B67AA911ED9780800D5E2C3 /* Base */ = {isa = PBXFileReference; lastKnownFileType = file.storyboard; name = Base; path = Base.lproj/Main.storyboard; sourceTree = "<group>"; };
		8B67AA931ED9780800D5E2C3 /* Assets.xcassets */ = {isa = PBXFileReference; lastKnownFileType = folder.assetcatalog; path = Assets.xcassets; sourceTree = "<group>"; };
		8B67AA961ED9780800D5E2C3 /* Base */ = {isa = PBXFileReference; lastKnownFileType = file.storyboard; name = Base; path = Base.lproj/LaunchScreen.storyboard; sourceTree = "<group>"; };
		8B67AA981ED9780800D5E2C3 /* Info.plist */ = {isa = PBXFileReference; lastKnownFileType = text.plist.xml; path = Info.plist; sourceTree = "<group>"; };
		8B67AA9D1ED9780800D5E2C3 /* 响应式编程思想RJ(自定义KVO)Tests.xctest */ = {isa = PBXFileReference; explicitFileType = wrapper.cfbundle; includeInIndex = 0; path = "响应式编程思想RJ(自定义KVO)Tests.xctest"; sourceTree = BUILT_PRODUCTS_DIR; };
		8B67AAA11ED9780800D5E2C3 /* _______RJ____KVO_Tests.m */ = {isa = PBXFileReference; lastKnownFileType = sourcecode.c.objc; path = "_______RJ____KVO_Tests.m"; sourceTree = "<group>"; };
		8B67AAA31ED9780800D5E2C3 /* Info.plist */ = {isa = PBXFileReference; lastKnownFileType = text.plist.xml; path = Info.plist; sourceTree = "<group>"; };
		8B67AAA81ED9780800D5E2C3 /* 响应式编程思想RJ(自定义KVO)UITests.xctest */ = {isa = PBXFileReference; explicitFileType = wrapper.cfbundle; includeInIndex = 0; path = "响应式编程思想RJ(自定义KVO)UITests.xctest"; sourceTree = BUILT_PRODUCTS_DIR; };
		8B67AAAC1ED9780800D5E2C3 /* _______RJ____KVO_UITests.m */ = {isa = PBXFileReference; lastKnownFileType = sourcecode.c.objc; path = "_______RJ____KVO_UITests.m"; sourceTree = "<group>"; };
		8B67AAAE1ED9780800D5E2C3 /* Info.plist */ = {isa = PBXFileReference; lastKnownFileType = text.plist.xml; path = Info.plist; sourceTree = "<group>"; };
/* End PBXFileReference section */

/* Begin PBXFrameworksBuildPhase section */
		8B67AA811ED9780800D5E2C3 /* Frameworks */ = {
			isa = PBXFrameworksBuildPhase;
			buildActionMask = 2147483647;
			files = (
			);
			runOnlyForDeploymentPostprocessing = 0;
		};
		8B67AA9A1ED9780800D5E2C3 /* Frameworks */ = {
			isa = PBXFrameworksBuildPhase;
			buildActionMask = 2147483647;
			files = (
			);
			runOnlyForDeploymentPostprocessing = 0;
		};
		8B67AAA51ED9780800D5E2C3 /* Frameworks */ = {
			isa = PBXFrameworksBuildPhase;
			buildActionMask = 2147483647;
			files = (
			);
			runOnlyForDeploymentPostprocessing = 0;
		};
/* End PBXFrameworksBuildPhase section */

/* Begin PBXGroup section */
		8B67AA7B1ED9780800D5E2C3 = {
			isa = PBXGroup;
			children = (
				8B67AA861ED9780800D5E2C3 /* 响应式编程思想RJ(自定义KVO) */,
				8B67AAA01ED9780800D5E2C3 /* 响应式编程思想RJ(自定义KVO)Tests */,
				8B67AAAB1ED9780800D5E2C3 /* 响应式编程思想RJ(自定义KVO)UITests */,
				8B67AA851ED9780800D5E2C3 /* Products */,
			);
			sourceTree = "<group>";
		};
		8B67AA851ED9780800D5E2C3 /* Products */ = {
			isa = PBXGroup;
			children = (
				8B67AA841ED9780800D5E2C3 /* 响应式编程思想RJ(自定义KVO).app */,
				8B67AA9D1ED9780800D5E2C3 /* 响应式编程思想RJ(自定义KVO)Tests.xctest */,
				8B67AAA81ED9780800D5E2C3 /* 响应式编程思想RJ(自定义KVO)UITests.xctest */,
			);
			name = Products;
			sourceTree = "<group>";
		};
		8B67AA861ED9780800D5E2C3 /* 响应式编程思想RJ(自定义KVO) */ = {
			isa = PBXGroup;
			children = (
				8B67AA8A1ED9780800D5E2C3 /* AppDelegate.h */,
				8B67AA8B1ED9780800D5E2C3 /* AppDelegate.m */,
				8B67AA8D1ED9780800D5E2C3 /* ViewController.h */,
				8B67AA8E1ED9780800D5E2C3 /* ViewController.m */,
				8B67AA901ED9780800D5E2C3 /* Main.storyboard */,
				8B67AA931ED9780800D5E2C3 /* Assets.xcassets */,
				8B67AA951ED9780800D5E2C3 /* LaunchScreen.storyboard */,
				8B67AA981ED9780800D5E2C3 /* Info.plist */,
				8B67AA871ED9780800D5E2C3 /* Supporting Files */,
			);
			path = "响应式编程思想RJ(自定义KVO)";
			sourceTree = "<group>";
		};
		8B67AA871ED9780800D5E2C3 /* Supporting Files */ = {
			isa = PBXGroup;
			children = (
				8B67AA881ED9780800D5E2C3 /* main.m */,
			);
			name = "Supporting Files";
			sourceTree = "<group>";
		};
		8B67AAA01ED9780800D5E2C3 /* 响应式编程思想RJ(自定义KVO)Tests */ = {
			isa = PBXGroup;
			children = (
				8B67AAA11ED9780800D5E2C3 /* _______RJ____KVO_Tests.m */,
				8B67AAA31ED9780800D5E2C3 /* Info.plist */,
			);
			path = "响应式编程思想RJ(自定义KVO)Tests";
			sourceTree = "<group>";
		};
		8B67AAAB1ED9780800D5E2C3 /* 响应式编程思想RJ(自定义KVO)UITests */ = {
			isa = PBXGroup;
			children = (
				8B67AAAC1ED9780800D5E2C3 /* _______RJ____KVO_UITests.m */,
				8B67AAAE1ED9780800D5E2C3 /* Info.plist */,
			);
			path = "响应式编程思想RJ(自定义KVO)UITests";
			sourceTree = "<group>";
		};
/* End PBXGroup section */

/* Begin PBXNativeTarget section */
		8B67AA831ED9780800D5E2C3 /* 响应式编程思想RJ(自定义KVO) */ = {
			isa = PBXNativeTarget;
			buildConfigurationList = 8B67AAB11ED9780800D5E2C3 /* Build configuration list for PBXNativeTarget "响应式编程思想RJ(自定义KVO)" */;
			buildPhases = (
				8B67AA801ED9780800D5E2C3 /* Sources */,
				8B67AA811ED9780800D5E2C3 /* Frameworks */,
				8B67AA821ED9780800D5E2C3 /* Resources */,
			);
			buildRules = (
			);
			dependencies = (
			);
			name = "响应式编程思想RJ(自定义KVO)";
			productName = "响应式编程思想RJ(自定义KVO)";
			productReference = 8B67AA841ED9780800D5E2C3 /* 响应式编程思想RJ(自定义KVO).app */;
			productType = "com.apple.product-type.application";
		};
		8B67AA9C1ED9780800D5E2C3 /* 响应式编程思想RJ(自定义KVO)Tests */ = {
			isa = PBXNativeTarget;
			buildConfigurationList = 8B67AAB41ED9780800D5E2C3 /* Build configuration list for PBXNativeTarget "响应式编程思想RJ(自定义KVO)Tests" */;
			buildPhases = (
				8B67AA991ED9780800D5E2C3 /* Sources */,
				8B67AA9A1ED9780800D5E2C3 /* Frameworks */,
				8B67AA9B1ED9780800D5E2C3 /* Resources */,
			);
			buildRules = (
			);
			dependencies = (
				8B67AA9F1ED9780800D5E2C3 /* PBXTargetDependency */,
			);
			name = "响应式编程思想RJ(自定义KVO)Tests";
			productName = "响应式编程思想RJ(自定义KVO)Tests";
			productReference = 8B67AA9D1ED9780800D5E2C3 /* 响应式编程思想RJ(自定义KVO)Tests.xctest */;
			productType = "com.apple.product-type.bundle.unit-test";
		};
		8B67AAA71ED9780800D5E2C3 /* 响应式编程思想RJ(自定义KVO)UITests */ = {
			isa = PBXNativeTarget;
			buildConfigurationList = 8B67AAB71ED9780800D5E2C3 /* Build configuration list for PBXNativeTarget "响应式编程思想RJ(自定义KVO)UITests" */;
			buildPhases = (
				8B67AAA41ED9780800D5E2C3 /* Sources */,
				8B67AAA51ED9780800D5E2C3 /* Frameworks */,
				8B67AAA61ED9780800D5E2C3 /* Resources */,
			);
			buildRules = (
			);
			dependencies = (
				8B67AAAA1ED9780800D5E2C3 /* PBXTargetDependency */,
			);
			name = "响应式编程思想RJ(自定义KVO)UITests";
			productName = "响应式编程思想RJ(自定义KVO)UITests";
			productReference = 8B67AAA81ED9780800D5E2C3 /* 响应式编程思想RJ(自定义KVO)UITests.xctest */;
			productType = "com.apple.product-type.bundle.ui-testing";
		};
/* End PBXNativeTarget section */

/* Begin PBXProject section */
		8B67AA7C1ED9780800D5E2C3 /* Project object */ = {
			isa = PBXProject;
			attributes = {
				LastUpgradeCheck = 0830;
				ORGANIZATIONNAME = app;
				TargetAttributes = {
					8B67AA831ED9780800D5E2C3 = {
						CreatedOnToolsVersion = 8.3.2;
						ProvisioningStyle = Automatic;
					};
					8B67AA9C1ED9780800D5E2C3 = {
						CreatedOnToolsVersion = 8.3.2;
						ProvisioningStyle = Automatic;
						TestTargetID = 8B67AA831ED9780800D5E2C3;
					};
					8B67AAA71ED9780800D5E2C3 = {
						CreatedOnToolsVersion = 8.3.2;
						ProvisioningStyle = Automatic;
						TestTargetID = 8B67AA831ED9780800D5E2C3;
					};
				};
			};
			buildConfigurationList = 8B67AA7F1ED9780800D5E2C3 /* Build configuration list for PBXProject "响应式编程思想RJ(自定义KVO)" */;
			compatibilityVersion = "Xcode 3.2";
			developmentRegion = English;
			hasScannedForEncodings = 0;
			knownRegions = (
				en,
				Base,
			);
			mainGroup = 8B67AA7B1ED9780800D5E2C3;
			productRefGroup = 8B67AA851ED9780800D5E2C3 /* Products */;
			projectDirPath = "";
			projectRoot = "";
			targets = (
				8B67AA831ED9780800D5E2C3 /* 响应式编程思想RJ(自定义KVO) */,
				8B67AA9C1ED9780800D5E2C3 /* 响应式编程思想RJ(自定义KVO)Tests */,
				8B67AAA71ED9780800D5E2C3 /* 响应式编程思想RJ(自定义KVO)UITests */,
			);
		};
/* End PBXProject section */

/* Begin PBXResourcesBuildPhase section */
		8B67AA821ED9780800D5E2C3 /* Resources */ = {
			isa = PBXResourcesBuildPhase;
			buildActionMask = 2147483647;
			files = (
				8B67AA971ED9780800D5E2C3 /* LaunchScreen.storyboard in Resources */,
				8B67AA941ED9780800D5E2C3 /* Assets.xcassets in Resources */,
				8B67AA921ED9780800D5E2C3 /* Main.storyboard in Resources */,
			);
			runOnlyForDeploymentPostprocessing = 0;
		};
		8B67AA9B1ED9780800D5E2C3 /* Resources */ = {
			isa = PBXResourcesBuildPhase;
			buildActionMask = 2147483647;
			files = (
			);
			runOnlyForDeploymentPostprocessing = 0;
		};
		8B67AAA61ED9780800D5E2C3 /* Resources */ = {
			isa = PBXResourcesBuildPhase;
			buildActionMask = 2147483647;
			files = (
			);
			runOnlyForDeploymentPostprocessing = 0;
		};
/* End PBXResourcesBuildPhase section */

/* Begin PBXSourcesBuildPhase section */
		8B67AA801ED9780800D5E2C3 /* Sources */ = {
			isa = PBXSourcesBuildPhase;
			buildActionMask = 2147483647;
			files = (
				8B67AA8F1ED9780800D5E2C3 /* ViewController.m in Sources */,
				8B67AA8C1ED9780800D5E2C3 /* AppDelegate.m in Sources */,
				8B67AA891ED9780800D5E2C3 /* main.m in Sources */,
			);
			runOnlyForDeploymentPostprocessing = 0;
		};
		8B67AA991ED9780800D5E2C3 /* Sources */ = {
			isa = PBXSourcesBuildPhase;
			buildActionMask = 2147483647;
			files = (
				8B67AAA21ED9780800D5E2C3 /* _______RJ____KVO_Tests.m in Sources */,
			);
			runOnlyForDeploymentPostprocessing = 0;
		};
		8B67AAA41ED9780800D5E2C3 /* Sources */ = {
			isa = PBXSourcesBuildPhase;
			buildActionMask = 2147483647;
			files = (
				8B67AAAD1ED9780800D5E2C3 /* _______RJ____KVO_UITests.m in Sources */,
			);
			runOnlyForDeploymentPostprocessing = 0;
		};
/* End PBXSourcesBuildPhase section */

/* Begin PBXTargetDependency section */
		8B67AA9F1ED9780800D5E2C3 /* PBXTargetDependency */ = {
			isa = PBXTargetDependency;
			target = 8B67AA831ED9780800D5E2C3 /* 响应式编程思想RJ(自定义KVO) */;
			targetProxy = 8B67AA9E1ED9780800D5E2C3 /* PBXContainerItemProxy */;
		};
		8B67AAAA1ED9780800D5E2C3 /* PBXTargetDependency */ = {
			isa = PBXTargetDependency;
			target = 8B67AA831ED9780800D5E2C3 /* 响应式编程思想RJ(自定义KVO) */;
			targetProxy = 8B67AAA91ED9780800D5E2C3 /* PBXContainerItemProxy */;
		};
/* End PBXTargetDependency section */

/* Begin PBXVariantGroup section */
		8B67AA901ED9780800D5E2C3 /* Main.storyboard */ = {
			isa = PBXVariantGroup;
			children = (
				8B67AA911ED9780800D5E2C3 /* Base */,
			);
			name = Main.storyboard;
			sourceTree = "<group>";
		};
		8B67AA951ED9780800D5E2C3 /* LaunchScreen.storyboard */ = {
			isa = PBXVariantGroup;
			children = (
				8B67AA961ED9780800D5E2C3 /* Base */,
			);
			name = LaunchScreen.storyboard;
			sourceTree = "<group>";
		};
/* End PBXVariantGroup section */

/* Begin XCBuildConfiguration section */
		8B67AAAF1ED9780800D5E2C3 /* Debug */ = {
			isa = XCBuildConfiguration;
			buildSettings = {
				ALWAYS_SEARCH_USER_PATHS = NO;
				CLANG_ANALYZER_NONNULL = YES;
				CLANG_ANALYZER_NUMBER_OBJECT_CONVERSION = YES_AGGRESSIVE;
				CLANG_CXX_LANGUAGE_STANDARD = "gnu++0x";
				CLANG_CXX_LIBRARY = "libc++";
				CLANG_ENABLE_MODULES = YES;
				CLANG_ENABLE_OBJC_ARC = YES;
				CLANG_WARN_BOOL_CONVERSION = YES;
				CLANG_WARN_CONSTANT_CONVERSION = YES;
				CLANG_WARN_DIRECT_OBJC_ISA_USAGE = YES_ERROR;
				CLANG_WARN_DOCUMENTATION_COMMENTS = YES;
				CLANG_WARN_EMPTY_BODY = YES;
				CLANG_WARN_ENUM_CONVERSION = YES;
				CLANG_WARN_INFINITE_RECURSION = YES;
				CLANG_WARN_INT_CONVERSION = YES;
				CLANG_WARN_OBJC_ROOT_CLASS = YES_ERROR;
				CLANG_WARN_SUSPICIOUS_MOVE = YES;
				CLANG_WARN_UNREACHABLE_CODE = YES;
				CLANG_WARN__DUPLICATE_METHOD_MATCH = YES;
				"CODE_SIGN_IDENTITY[sdk=iphoneos*]" = "iPhone Developer";
				COPY_PHASE_STRIP = NO;
				DEBUG_INFORMATION_FORMAT = dwarf;
				ENABLE_STRICT_OBJC_MSGSEND = YES;
				ENABLE_TESTABILITY = YES;
				GCC_C_LANGUAGE_STANDARD = gnu99;
				GCC_DYNAMIC_NO_PIC = NO;
				GCC_NO_COMMON_BLOCKS = YES;
				GCC_OPTIMIZATION_LEVEL = 0;
				GCC_PREPROCESSOR_DEFINITIONS = (
					"DEBUG=1",
					"$(inherited)",
				);
				GCC_WARN_64_TO_32_BIT_CONVERSION = YES;
				GCC_WARN_ABOUT_RETURN_TYPE = YES_ERROR;
				GCC_WARN_UNDECLARED_SELECTOR = YES;
				GCC_WARN_UNINITIALIZED_AUTOS = YES_AGGRESSIVE;
				GCC_WARN_UNUSED_FUNCTION = YES;
				GCC_WARN_UNUSED_VARIABLE = YES;
				IPHONEOS_DEPLOYMENT_TARGET = 10.3;
				MTL_ENABLE_DEBUG_INFO = YES;
				ONLY_ACTIVE_ARCH = YES;
				SDKROOT = iphoneos;
			};
			name = Debug;
		};
		8B67AAB01ED9780800D5E2C3 /* Release */ = {
			isa = XCBuildConfiguration;
			buildSettings = {
				ALWAYS_SEARCH_USER_PATHS = NO;
				CLANG_ANALYZER_NONNULL = YES;
				CLANG_ANALYZER_NUMBER_OBJECT_CONVERSION = YES_AGGRESSIVE;
				CLANG_CXX_LANGUAGE_STANDARD = "gnu++0x";
				CLANG_CXX_LIBRARY = "libc++";
				CLANG_ENABLE_MODULES = YES;
				CLANG_ENABLE_OBJC_ARC = YES;
				CLANG_WARN_BOOL_CONVERSION = YES;
				CLANG_WARN_CONSTANT_CONVERSION = YES;
				CLANG_WARN_DIRECT_OBJC_ISA_USAGE = YES_ERROR;
				CLANG_WARN_DOCUMENTATION_COMMENTS = YES;
				CLANG_WARN_EMPTY_BODY = YES;
				CLANG_WARN_ENUM_CONVERSION = YES;
				CLANG_WARN_INFINITE_RECURSION = YES;
				CLANG_WARN_INT_CONVERSION = YES;
				CLANG_WARN_OBJC_ROOT_CLASS = YES_ERROR;
				CLANG_WARN_SUSPICIOUS_MOVE = YES;
				CLANG_WARN_UNREACHABLE_CODE = YES;
				CLANG_WARN__DUPLICATE_METHOD_MATCH = YES;
				"CODE_SIGN_IDENTITY[sdk=iphoneos*]" = "iPhone Developer";
				COPY_PHASE_STRIP = NO;
				DEBUG_INFORMATION_FORMAT = "dwarf-with-dsym";
				ENABLE_NS_ASSERTIONS = NO;
				ENABLE_STRICT_OBJC_MSGSEND = YES;
				GCC_C_LANGUAGE_STANDARD = gnu99;
				GCC_NO_COMMON_BLOCKS = YES;
				GCC_WARN_64_TO_32_BIT_CONVERSION = YES;
				GCC_WARN_ABOUT_RETURN_TYPE = YES_ERROR;
				GCC_WARN_UNDECLARED_SELECTOR = YES;
				GCC_WARN_UNINITIALIZED_AUTOS = YES_AGGRESSIVE;
				GCC_WARN_UNUSED_FUNCTION = YES;
				GCC_WARN_UNUSED_VARIABLE = YES;
				IPHONEOS_DEPLOYMENT_TARGET = 10.3;
				MTL_ENABLE_DEBUG_INFO = NO;
				SDKROOT = iphoneos;
				VALIDATE_PRODUCT = YES;
			};
			name = Release;
		};
		8B67AAB21ED9780800D5E2C3 /* Debug */ = {
			isa = XCBuildConfiguration;
			buildSettings = {
				ASSETCATALOG_COMPILER_APPICON_NAME = AppIcon;
				INFOPLIST_FILE = "响应式编程思想RJ(自定义KVO)/Info.plist";
				LD_RUNPATH_SEARCH_PATHS = "$(inherited) @executable_path/Frameworks";
				PRODUCT_BUNDLE_IDENTIFIER = "www.zuihuibao.cn.-------RJ----KVO-";
				PRODUCT_NAME = "$(TARGET_NAME)";
			};
			name = Debug;
		};
		8B67AAB31ED9780800D5E2C3 /* Release */ = {
			isa = XCBuildConfiguration;
			buildSettings = {
				ASSETCATALOG_COMPILER_APPICON_NAME = AppIcon;
				INFOPLIST_FILE = "响应式编程思想RJ(自定义KVO)/Info.plist";
				LD_RUNPATH_SEARCH_PATHS = "$(inherited) @executable_path/Frameworks";
				PRODUCT_BUNDLE_IDENTIFIER = "www.zuihuibao.cn.-------RJ----KVO-";
				PRODUCT_NAME = "$(TARGET_NAME)";
			};
			name = Release;
		};
		8B67AAB51ED9780800D5E2C3 /* Debug */ = {
			isa = XCBuildConfiguration;
			buildSettings = {
				BUNDLE_LOADER = "$(TEST_HOST)";
				INFOPLIST_FILE = "响应式编程思想RJ(自定义KVO)Tests/Info.plist";
				LD_RUNPATH_SEARCH_PATHS = "$(inherited) @executable_path/Frameworks @loader_path/Frameworks";
				PRODUCT_BUNDLE_IDENTIFIER = "www.zuihuibao.cn.-------RJ----KVO-Tests";
				PRODUCT_NAME = "$(TARGET_NAME)";
				TEST_HOST = "$(BUILT_PRODUCTS_DIR)/响应式编程思想RJ(自定义KVO).app/响应式编程思想RJ(自定义KVO)";
			};
			name = Debug;
		};
		8B67AAB61ED9780800D5E2C3 /* Release */ = {
			isa = XCBuildConfiguration;
			buildSettings = {
				BUNDLE_LOADER = "$(TEST_HOST)";
				INFOPLIST_FILE = "响应式编程思想RJ(自定义KVO)Tests/Info.plist";
				LD_RUNPATH_SEARCH_PATHS = "$(inherited) @executable_path/Frameworks @loader_path/Frameworks";
				PRODUCT_BUNDLE_IDENTIFIER = "www.zuihuibao.cn.-------RJ----KVO-Tests";
				PRODUCT_NAME = "$(TARGET_NAME)";
				TEST_HOST = "$(BUILT_PRODUCTS_DIR)/响应式编程思想RJ(自定义KVO).app/响应式编程思想RJ(自定义KVO)";
			};
			name = Release;
		};
		8B67AAB81ED9780800D5E2C3 /* Debug */ = {
			isa = XCBuildConfiguration;
			buildSettings = {
				INFOPLIST_FILE = "响应式编程思想RJ(自定义KVO)UITests/Info.plist";
				LD_RUNPATH_SEARCH_PATHS = "$(inherited) @executable_path/Frameworks @loader_path/Frameworks";
				PRODUCT_BUNDLE_IDENTIFIER = "www.zuihuibao.cn.-------RJ----KVO-UITests";
				PRODUCT_NAME = "$(TARGET_NAME)";
				TEST_TARGET_NAME = "响应式编程思想RJ(自定义KVO)";
			};
			name = Debug;
		};
		8B67AAB91ED9780800D5E2C3 /* Release */ = {
			isa = XCBuildConfiguration;
			buildSettings = {
				INFOPLIST_FILE = "响应式编程思想RJ(自定义KVO)UITests/Info.plist";
				LD_RUNPATH_SEARCH_PATHS = "$(inherited) @executable_path/Frameworks @loader_path/Frameworks";
				PRODUCT_BUNDLE_IDENTIFIER = "www.zuihuibao.cn.-------RJ----KVO-UITests";
				PRODUCT_NAME = "$(TARGET_NAME)";
				TEST_TARGET_NAME = "响应式编程思想RJ(自定义KVO)";
			};
			name = Release;
		};
/* End XCBuildConfiguration section */

/* Begin XCConfigurationList section */
		8B67AA7F1ED9780800D5E2C3 /* Build configuration list for PBXProject "响应式编程思想RJ(自定义KVO)" */ = {
			isa = XCConfigurationList;
			buildConfigurations = (
				8B67AAAF1ED9780800D5E2C3 /* Debug */,
				8B67AAB01ED9780800D5E2C3 /* Release */,
			);
			defaultConfigurationIsVisible = 0;
			defaultConfigurationName = Release;
		};
		8B67AAB11ED9780800D5E2C3 /* Build configuration list for PBXNativeTarget "响应式编程思想RJ(自定义KVO)" */ = {
			isa = XCConfigurationList;
			buildConfigurations = (
				8B67AAB21ED9780800D5E2C3 /* Debug */,
				8B67AAB31ED9780800D5E2C3 /* Release */,
			);
			defaultConfigurationIsVisible = 0;
		};
		8B67AAB41ED9780800D5E2C3 /* Build configuration list for PBXNativeTarget "响应式编程思想RJ(自定义KVO)Tests" */ = {
			isa = XCConfigurationList;
			buildConfigurations = (
				8B67AAB51ED9780800D5E2C3 /* Debug */,
				8B67AAB61ED9780800D5E2C3 /* Release */,
			);
			defaultConfigurationIsVisible = 0;
		};
		8B67AAB71ED9780800D5E2C3 /* Build configuration list for PBXNativeTarget "响应式编程思想RJ(自定义KVO)UITests" */ = {
			isa = XCConfigurationList;
			buildConfigurations = (
				8B67AAB81ED9780800D5E2C3 /* Debug */,
				8B67AAB91ED9780800D5E2C3 /* Release */,
			);
			defaultConfigurationIsVisible = 0;
		};
/* End XCConfigurationList section */
	};
	rootObject = 8B67AA7C1ED9780800D5E2C3 /* Project object */;
}
